
Microsoft Visual Studio Solution File, Format Version 12.00
# Visual Studio Version 17
VisualStudioVersion = 17.3.32929.385
MinimumVisualStudioVersion = 10.0.40219.1
Project("{9A19103F-16F7-4668-BE54-9A1E7A4F7556}") = "BitirmeTezi", "BitirmeTezi\BitirmeTezi.csproj", "{D5F03024-44CA-439B-98C4-931B2069697E}"
EndProject
Project("{FAE04EC0-301F-11D3-BF4B-00C04F79EFBC}") = "Entitylayer", "Entitylayer\Entitylayer.csproj", "{28AC5F0D-73D7-4017-A72D-C549C4BBA3F4}"
EndProject
Project("{9A19103F-16F7-4668-BE54-9A1E7A4F7556}") = "DataAcceLayer", "DataAcceLayer\DataAcceLayer.csproj", "{DDF5F162-039D-4C14-BB53-1C3ED5EA5924}"
EndProject
Project("{9A19103F-16F7-4668-BE54-9A1E7A4F7556}") = "BusinessLayer", "BusinessLayer\BusinessLayer.csproj", "{13602822-E7A7-4640-A01F-C1B906240ED8}"
EndProject
Global
	GlobalSection(SolutionConfigurationPlatforms) = preSolution
		Debug|Any CPU = Debug|Any CPU
		Release|Any CPU = Release|Any CPU
	EndGlobalSection
	GlobalSection(ProjectConfigurationPlatforms) = postSolution
		{D5F03024-44CA-439B-98C4-931B2069697E}.Debug|Any CPU.ActiveCfg = Debug|Any CPU
		{D5F03024-44CA-439B-98C4-931B2069697E}.Debug|Any CPU.Build.0 = Debug|Any CPU
		{D5F03024-44CA-439B-98C4-931B2069697E}.Release|Any CPU.ActiveCfg = Release|Any CPU
		{D5F03024-44CA-439B-98C4-931B2069697E}.Release|Any CPU.Build.0 = Release|Any CPU
		{28AC5F0D-73D7-4017-A72D-C549C4BBA3F4}.Debug|Any CPU.ActiveCfg = Debug|Any CPU
		{28AC5F0D-73D7-4017-A72D-C549C4BBA3F4}.Debug|Any CPU.Build.0 = Debug|Any CPU
		{28AC5F0D-73D7-4017-A72D-C549C4BBA3F4}.Release|Any CPU.ActiveCfg = Release|Any CPU
		{28AC5F0D-73D7-4017-A72D-C549C4BBA3F4}.Release|Any CPU.Build.0 = Release|Any CPU
		{DDF5F162-039D-4C14-BB53-1C3ED5EA5924}.Debug|Any CPU.ActiveCfg = Debug|Any CPU
		{DDF5F162-039D-4C14-BB53-1C3ED5EA5924}.Debug|Any CPU.Build.0 = Debug|Any CPU
		{DDF5F162-039D-4C14-BB53-1C3ED5EA5924}.Release|Any CPU.ActiveCfg = Release|Any CPU
		{DDF5F162-039D-4C14-BB53-1C3ED5EA5924}.Release|Any CPU.Build.0 = Release|Any CPU
		{13602822-E7A7-4640-A01F-C1B906240ED8}.Debug|Any CPU.ActiveCfg = Debug|Any CPU
		{13602822-E7A7-4640-A01F-C1B906240ED8}.Debug|Any CPU.Build.0 = Debug|Any CPU
		{13602822-E7A7-4640-A01F-C1B906240ED8}.Release|Any CPU.ActiveCfg = Release|Any CPU
		{13602822-E7A7-4640-A01F-C1B906240ED8}.Release|Any CPU.Build.0 = Release|Any CPU
	EndGlobalSection
	GlobalSection(SolutionProperties) = preSolution
		HideSolutionNode = FALSE
	EndGlobalSection
	GlobalSection(ExtensibilityGlobals) = postSolution
		SolutionGuid = {02906E60-9A2C-4F0F-ACFF-C7CA0D16D185}
	EndGlobalSection
EndGlobal
